// !$*UTF8*$!
{
	archiveVersion = 1;
	classes = {
	};
	objectVersion = 55;
	objects = {

/* Begin PBXBuildFile section */
		396231FC2803057A00B78A49 /* AppDelegate.swift in Sources */ = {isa = PBXBuildFile; fileRef = 396231FB2803057A00B78A49 /* AppDelegate.swift */; };
		396231FE2803057A00B78A49 /* SceneDelegate.swift in Sources */ = {isa = PBXBuildFile; fileRef = 396231FD2803057A00B78A49 /* SceneDelegate.swift */; };
		396232002803057A00B78A49 /* HomeViewController.swift in Sources */ = {isa = PBXBuildFile; fileRef = 396231FF2803057A00B78A49 /* HomeViewController.swift */; };
		396232032803057A00B78A49 /* Home.storyboard in Resources */ = {isa = PBXBuildFile; fileRef = 396232012803057A00B78A49 /* Home.storyboard */; };
		396232052803057A00B78A49 /* Assets.xcassets in Resources */ = {isa = PBXBuildFile; fileRef = 396232042803057A00B78A49 /* Assets.xcassets */; };
		396232082803057A00B78A49 /* LaunchScreen.storyboard in Resources */ = {isa = PBXBuildFile; fileRef = 396232062803057A00B78A49 /* LaunchScreen.storyboard */; };
		396232132803057B00B78A49 /* Ariadnext_technical_testTests.swift in Sources */ = {isa = PBXBuildFile; fileRef = 396232122803057B00B78A49 /* Ariadnext_technical_testTests.swift */; };
		3962321D2803057B00B78A49 /* Ariadnext_technical_testUITests.swift in Sources */ = {isa = PBXBuildFile; fileRef = 3962321C2803057B00B78A49 /* Ariadnext_technical_testUITests.swift */; };
		3962321F2803057B00B78A49 /* Ariadnext_technical_testUITestsLaunchTests.swift in Sources */ = {isa = PBXBuildFile; fileRef = 3962321E2803057B00B78A49 /* Ariadnext_technical_testUITestsLaunchTests.swift */; };
		397535CB280330BE00060743 /* MessageTableViewCell.swift in Sources */ = {isa = PBXBuildFile; fileRef = 397535CA280330BE00060743 /* MessageTableViewCell.swift */; };
		397535CE280330F000060743 /* MessageTableViewCell.xib in Resources */ = {isa = PBXBuildFile; fileRef = 397535CD280330F000060743 /* MessageTableViewCell.xib */; };
		397535D12803381400060743 /* MessageSenderEnum.swift in Sources */ = {isa = PBXBuildFile; fileRef = 397535D02803381400060743 /* MessageSenderEnum.swift */; };
		397535D728033A1B00060743 /* UIView+ReuseIdentifier.swift in Sources */ = {isa = PBXBuildFile; fileRef = 397535D628033A1B00060743 /* UIView+ReuseIdentifier.swift */; };
		397535D928033CA400060743 /* MessageViewModel.swift in Sources */ = {isa = PBXBuildFile; fileRef = 397535D828033CA400060743 /* MessageViewModel.swift */; };
		397535DD2803520C00060743 /* ServerResponseManager.swift in Sources */ = {isa = PBXBuildFile; fileRef = 397535DC2803520C00060743 /* ServerResponseManager.swift */; };
		397535DF28035A2200060743 /* ServerResponseEnum.swift in Sources */ = {isa = PBXBuildFile; fileRef = 397535DE28035A2200060743 /* ServerResponseEnum.swift */; };
		397535E3280390EC00060743 /* MessageViewModalTest.swift in Sources */ = {isa = PBXBuildFile; fileRef = 397535E2280390EC00060743 /* MessageViewModalTest.swift */; };
		397535E5280391A500060743 /* ServerResponseTest.swift in Sources */ = {isa = PBXBuildFile; fileRef = 397535E4280391A500060743 /* ServerResponseTest.swift */; };
/* End PBXBuildFile section */

/* Begin PBXContainerItemProxy section */
		3962320F2803057B00B78A49 /* PBXContainerItemProxy */ = {
			isa = PBXContainerItemProxy;
			containerPortal = 396231F02803057A00B78A49 /* Project object */;
			proxyType = 1;
			remoteGlobalIDString = 396231F72803057A00B78A49;
			remoteInfo = "Ariadnext-technical-test";
		};
		396232192803057B00B78A49 /* PBXContainerItemProxy */ = {
			isa = PBXContainerItemProxy;
			containerPortal = 396231F02803057A00B78A49 /* Project object */;
			proxyType = 1;
			remoteGlobalIDString = 396231F72803057A00B78A49;
			remoteInfo = "Ariadnext-technical-test";
		};
/* End PBXContainerItemProxy section */

/* Begin PBXFileReference section */
		396231F82803057A00B78A49 /* Ariadnext-technical-test.app */ = {isa = PBXFileReference; explicitFileType = wrapper.application; includeInIndex = 0; path = "Ariadnext-technical-test.app"; sourceTree = BUILT_PRODUCTS_DIR; };
		396231FB2803057A00B78A49 /* AppDelegate.swift */ = {isa = PBXFileReference; lastKnownFileType = sourcecode.swift; path = AppDelegate.swift; sourceTree = "<group>"; };
		396231FD2803057A00B78A49 /* SceneDelegate.swift */ = {isa = PBXFileReference; lastKnownFileType = sourcecode.swift; path = SceneDelegate.swift; sourceTree = "<group>"; };
		396231FF2803057A00B78A49 /* HomeViewController.swift */ = {isa = PBXFileReference; lastKnownFileType = sourcecode.swift; path = HomeViewController.swift; sourceTree = "<group>"; };
		396232022803057A00B78A49 /* Base */ = {isa = PBXFileReference; lastKnownFileType = file.storyboard; name = Base; path = Base.lproj/Home.storyboard; sourceTree = "<group>"; };
		396232042803057A00B78A49 /* Assets.xcassets */ = {isa = PBXFileReference; lastKnownFileType = folder.assetcatalog; path = Assets.xcassets; sourceTree = "<group>"; };
		396232072803057A00B78A49 /* Base */ = {isa = PBXFileReference; lastKnownFileType = file.storyboard; name = Base; path = Base.lproj/LaunchScreen.storyboard; sourceTree = "<group>"; };
		396232092803057A00B78A49 /* Info.plist */ = {isa = PBXFileReference; lastKnownFileType = text.plist.xml; path = Info.plist; sourceTree = "<group>"; };
		3962320E2803057B00B78A49 /* Ariadnext-technical-testTests.xctest */ = {isa = PBXFileReference; explicitFileType = wrapper.cfbundle; includeInIndex = 0; path = "Ariadnext-technical-testTests.xctest"; sourceTree = BUILT_PRODUCTS_DIR; };
		396232122803057B00B78A49 /* Ariadnext_technical_testTests.swift */ = {isa = PBXFileReference; lastKnownFileType = sourcecode.swift; path = Ariadnext_technical_testTests.swift; sourceTree = "<group>"; };
		396232182803057B00B78A49 /* Ariadnext-technical-testUITests.xctest */ = {isa = PBXFileReference; explicitFileType = wrapper.cfbundle; includeInIndex = 0; path = "Ariadnext-technical-testUITests.xctest"; sourceTree = BUILT_PRODUCTS_DIR; };
		3962321C2803057B00B78A49 /* Ariadnext_technical_testUITests.swift */ = {isa = PBXFileReference; lastKnownFileType = sourcecode.swift; path = Ariadnext_technical_testUITests.swift; sourceTree = "<group>"; };
		3962321E2803057B00B78A49 /* Ariadnext_technical_testUITestsLaunchTests.swift */ = {isa = PBXFileReference; lastKnownFileType = sourcecode.swift; path = Ariadnext_technical_testUITestsLaunchTests.swift; sourceTree = "<group>"; };
		397535CA280330BE00060743 /* MessageTableViewCell.swift */ = {isa = PBXFileReference; lastKnownFileType = sourcecode.swift; path = MessageTableViewCell.swift; sourceTree = "<group>"; };
		397535CD280330F000060743 /* MessageTableViewCell.xib */ = {isa = PBXFileReference; lastKnownFileType = file.xib; path = MessageTableViewCell.xib; sourceTree = "<group>"; };
		397535D02803381400060743 /* MessageSenderEnum.swift */ = {isa = PBXFileReference; lastKnownFileType = sourcecode.swift; path = MessageSenderEnum.swift; sourceTree = "<group>"; };
		397535D628033A1B00060743 /* UIView+ReuseIdentifier.swift */ = {isa = PBXFileReference; lastKnownFileType = sourcecode.swift; path = "UIView+ReuseIdentifier.swift"; sourceTree = "<group>"; };
		397535D828033CA400060743 /* MessageViewModel.swift */ = {isa = PBXFileReference; lastKnownFileType = sourcecode.swift; path = MessageViewModel.swift; sourceTree = "<group>"; };
		397535DC2803520C00060743 /* ServerResponseManager.swift */ = {isa = PBXFileReference; lastKnownFileType = sourcecode.swift; path = ServerResponseManager.swift; sourceTree = "<group>"; };
		397535DE28035A2200060743 /* ServerResponseEnum.swift */ = {isa = PBXFileReference; lastKnownFileType = sourcecode.swift; path = ServerResponseEnum.swift; sourceTree = "<group>"; };
		397535E2280390EC00060743 /* MessageViewModalTest.swift */ = {isa = PBXFileReference; fileEncoding = 4; lastKnownFileType = sourcecode.swift; path = MessageViewModalTest.swift; sourceTree = "<group>"; };
		397535E4280391A500060743 /* ServerResponseTest.swift */ = {isa = PBXFileReference; lastKnownFileType = sourcecode.swift; path = ServerResponseTest.swift; sourceTree = "<group>"; };
/* End PBXFileReference section */

/* Begin PBXFrameworksBuildPhase section */
		396231F52803057A00B78A49 /* Frameworks */ = {
			isa = PBXFrameworksBuildPhase;
			buildActionMask = 2147483647;
			files = (
			);
			runOnlyForDeploymentPostprocessing = 0;
		};
		3962320B2803057B00B78A49 /* Frameworks */ = {
			isa = PBXFrameworksBuildPhase;
			buildActionMask = 2147483647;
			files = (
			);
			runOnlyForDeploymentPostprocessing = 0;
		};
		396232152803057B00B78A49 /* Frameworks */ = {
			isa = PBXFrameworksBuildPhase;
			buildActionMask = 2147483647;
			files = (
			);
			runOnlyForDeploymentPostprocessing = 0;
		};
/* End PBXFrameworksBuildPhase section */

/* Begin PBXGroup section */
		396231EF2803057A00B78A49 = {
			isa = PBXGroup;
			children = (
				396231FA2803057A00B78A49 /* Ariadnext-technical-test */,
				396232112803057B00B78A49 /* Ariadnext-technical-testTests */,
				3962321B2803057B00B78A49 /* Ariadnext-technical-testUITests */,
				396231F92803057A00B78A49 /* Products */,
			);
			sourceTree = "<group>";
		};
		396231F92803057A00B78A49 /* Products */ = {
			isa = PBXGroup;
			children = (
				396231F82803057A00B78A49 /* Ariadnext-technical-test.app */,
				3962320E2803057B00B78A49 /* Ariadnext-technical-testTests.xctest */,
				396232182803057B00B78A49 /* Ariadnext-technical-testUITests.xctest */,
			);
			name = Products;
			sourceTree = "<group>";
		};
		396231FA2803057A00B78A49 /* Ariadnext-technical-test */ = {
			isa = PBXGroup;
			children = (
				397535DB280351FB00060743 /* Manager */,
				3962322B2803174600B78A49 /* App */,
				3962322D2803177700B78A49 /* Modules */,
				397535DA28033DB700060743 /* ViewModels */,
				397535CF280337F000060743 /* Enums */,
				397535D5280339F800060743 /* Extensions */,
				3962322C2803175700B78A49 /* Ressources */,
			);
			path = "Ariadnext-technical-test";
			sourceTree = "<group>";
		};
		396232112803057B00B78A49 /* Ariadnext-technical-testTests */ = {
			isa = PBXGroup;
			children = (
				397535E2280390EC00060743 /* MessageViewModalTest.swift */,
				396232122803057B00B78A49 /* Ariadnext_technical_testTests.swift */,
				397535E4280391A500060743 /* ServerResponseTest.swift */,
			);
			path = "Ariadnext-technical-testTests";
			sourceTree = "<group>";
		};
		3962321B2803057B00B78A49 /* Ariadnext-technical-testUITests */ = {
			isa = PBXGroup;
			children = (
				3962321C2803057B00B78A49 /* Ariadnext_technical_testUITests.swift */,
				3962321E2803057B00B78A49 /* Ariadnext_technical_testUITestsLaunchTests.swift */,
			);
			path = "Ariadnext-technical-testUITests";
			sourceTree = "<group>";
		};
		3962322B2803174600B78A49 /* App */ = {
			isa = PBXGroup;
			children = (
				396231FD2803057A00B78A49 /* SceneDelegate.swift */,
				396231FB2803057A00B78A49 /* AppDelegate.swift */,
				396232062803057A00B78A49 /* LaunchScreen.storyboard */,
			);
			path = App;
			sourceTree = "<group>";
		};
		3962322C2803175700B78A49 /* Ressources */ = {
			isa = PBXGroup;
			children = (
				396232092803057A00B78A49 /* Info.plist */,
				396232042803057A00B78A49 /* Assets.xcassets */,
			);
			path = Ressources;
			sourceTree = "<group>";
		};
		3962322D2803177700B78A49 /* Modules */ = {
			isa = PBXGroup;
			children = (
				3962322E280317C900B78A49 /* Home */,
			);
			path = Modules;
			sourceTree = "<group>";
		};
		3962322E280317C900B78A49 /* Home */ = {
			isa = PBXGroup;
			children = (
				397535CC280330C300060743 /* Message Cell */,
				396232012803057A00B78A49 /* Home.storyboard */,
				396231FF2803057A00B78A49 /* HomeViewController.swift */,
			);
			path = Home;
			sourceTree = "<group>";
		};
		397535CC280330C300060743 /* Message Cell */ = {
			isa = PBXGroup;
			children = (
				397535CA280330BE00060743 /* MessageTableViewCell.swift */,
				397535CD280330F000060743 /* MessageTableViewCell.xib */,
			);
			path = "Message Cell";
			sourceTree = "<group>";
		};
		397535CF280337F000060743 /* Enums */ = {
			isa = PBXGroup;
			children = (
				397535D02803381400060743 /* MessageSenderEnum.swift */,
				397535DE28035A2200060743 /* ServerResponseEnum.swift */,
			);
			path = Enums;
			sourceTree = "<group>";
		};
		397535D5280339F800060743 /* Extensions */ = {
			isa = PBXGroup;
			children = (
				397535D628033A1B00060743 /* UIView+ReuseIdentifier.swift */,
			);
			path = Extensions;
			sourceTree = "<group>";
		};
		397535DA28033DB700060743 /* ViewModels */ = {
			isa = PBXGroup;
			children = (
				397535D828033CA400060743 /* MessageViewModel.swift */,
			);
			path = ViewModels;
			sourceTree = "<group>";
		};
		397535DB280351FB00060743 /* Manager */ = {
			isa = PBXGroup;
			children = (
				397535DC2803520C00060743 /* ServerResponseManager.swift */,
			);
			path = Manager;
			sourceTree = "<group>";
		};
/* End PBXGroup section */

/* Begin PBXNativeTarget section */
		396231F72803057A00B78A49 /* Ariadnext-technical-test */ = {
			isa = PBXNativeTarget;
			buildConfigurationList = 396232222803057B00B78A49 /* Build configuration list for PBXNativeTarget "Ariadnext-technical-test" */;
			buildPhases = (
				396231F42803057A00B78A49 /* Sources */,
				396231F52803057A00B78A49 /* Frameworks */,
				396231F62803057A00B78A49 /* Resources */,
			);
			buildRules = (
			);
			dependencies = (
			);
			name = "Ariadnext-technical-test";
			productName = "Ariadnext-technical-test";
			productReference = 396231F82803057A00B78A49 /* Ariadnext-technical-test.app */;
			productType = "com.apple.product-type.application";
		};
		3962320D2803057B00B78A49 /* Ariadnext-technical-testTests */ = {
			isa = PBXNativeTarget;
			buildConfigurationList = 396232252803057B00B78A49 /* Build configuration list for PBXNativeTarget "Ariadnext-technical-testTests" */;
			buildPhases = (
				3962320A2803057B00B78A49 /* Sources */,
				3962320B2803057B00B78A49 /* Frameworks */,
				3962320C2803057B00B78A49 /* Resources */,
			);
			buildRules = (
			);
			dependencies = (
				396232102803057B00B78A49 /* PBXTargetDependency */,
			);
			name = "Ariadnext-technical-testTests";
			productName = "Ariadnext-technical-testTests";
			productReference = 3962320E2803057B00B78A49 /* Ariadnext-technical-testTests.xctest */;
			productType = "com.apple.product-type.bundle.unit-test";
		};
		396232172803057B00B78A49 /* Ariadnext-technical-testUITests */ = {
			isa = PBXNativeTarget;
			buildConfigurationList = 396232282803057B00B78A49 /* Build configuration list for PBXNativeTarget "Ariadnext-technical-testUITests" */;
			buildPhases = (
				396232142803057B00B78A49 /* Sources */,
				396232152803057B00B78A49 /* Frameworks */,
				396232162803057B00B78A49 /* Resources */,
			);
			buildRules = (
			);
			dependencies = (
				3962321A2803057B00B78A49 /* PBXTargetDependency */,
			);
			name = "Ariadnext-technical-testUITests";
			productName = "Ariadnext-technical-testUITests";
			productReference = 396232182803057B00B78A49 /* Ariadnext-technical-testUITests.xctest */;
			productType = "com.apple.product-type.bundle.ui-testing";
		};
/* End PBXNativeTarget section */

/* Begin PBXProject section */
		396231F02803057A00B78A49 /* Project object */ = {
			isa = PBXProject;
			attributes = {
				BuildIndependentTargetsInParallel = 1;
				LastSwiftUpdateCheck = 1330;
				LastUpgradeCheck = 1330;
				TargetAttributes = {
					396231F72803057A00B78A49 = {
						CreatedOnToolsVersion = 13.3;
					};
					3962320D2803057B00B78A49 = {
						CreatedOnToolsVersion = 13.3;
						TestTargetID = 396231F72803057A00B78A49;
					};
					396232172803057B00B78A49 = {
						CreatedOnToolsVersion = 13.3;
						TestTargetID = 396231F72803057A00B78A49;
					};
				};
			};
			buildConfigurationList = 396231F32803057A00B78A49 /* Build configuration list for PBXProject "Ariadnext-technical-test" */;
			compatibilityVersion = "Xcode 13.0";
			developmentRegion = en;
			hasScannedForEncodings = 0;
			knownRegions = (
				en,
				Base,
			);
			mainGroup = 396231EF2803057A00B78A49;
			productRefGroup = 396231F92803057A00B78A49 /* Products */;
			projectDirPath = "";
			projectRoot = "";
			targets = (
				396231F72803057A00B78A49 /* Ariadnext-technical-test */,
				3962320D2803057B00B78A49 /* Ariadnext-technical-testTests */,
				396232172803057B00B78A49 /* Ariadnext-technical-testUITests */,
			);
		};
/* End PBXProject section */

/* Begin PBXResourcesBuildPhase section */
		396231F62803057A00B78A49 /* Resources */ = {
			isa = PBXResourcesBuildPhase;
			buildActionMask = 2147483647;
			files = (
				396232082803057A00B78A49 /* LaunchScreen.storyboard in Resources */,
				397535CE280330F000060743 /* MessageTableViewCell.xib in Resources */,
				396232052803057A00B78A49 /* Assets.xcassets in Resources */,
				396232032803057A00B78A49 /* Home.storyboard in Resources */,
			);
			runOnlyForDeploymentPostprocessing = 0;
		};
		3962320C2803057B00B78A49 /* Resources */ = {
			isa = PBXResourcesBuildPhase;
			buildActionMask = 2147483647;
			files = (
			);
			runOnlyForDeploymentPostprocessing = 0;
		};
		396232162803057B00B78A49 /* Resources */ = {
			isa = PBXResourcesBuildPhase;
			buildActionMask = 2147483647;
			files = (
			);
			runOnlyForDeploymentPostprocessing = 0;
		};
/* End PBXResourcesBuildPhase section */

/* Begin PBXSourcesBuildPhase section */
		396231F42803057A00B78A49 /* Sources */ = {
			isa = PBXSourcesBuildPhase;
			buildActionMask = 2147483647;
			files = (
				397535D728033A1B00060743 /* UIView+ReuseIdentifier.swift in Sources */,
				396232002803057A00B78A49 /* HomeViewController.swift in Sources */,
				397535D12803381400060743 /* MessageSenderEnum.swift in Sources */,
				397535DF28035A2200060743 /* ServerResponseEnum.swift in Sources */,
				397535CB280330BE00060743 /* MessageTableViewCell.swift in Sources */,
				397535D928033CA400060743 /* MessageViewModel.swift in Sources */,
				396231FC2803057A00B78A49 /* AppDelegate.swift in Sources */,
				396231FE2803057A00B78A49 /* SceneDelegate.swift in Sources */,
				397535DD2803520C00060743 /* ServerResponseManager.swift in Sources */,
			);
			runOnlyForDeploymentPostprocessing = 0;
		};
		3962320A2803057B00B78A49 /* Sources */ = {
			isa = PBXSourcesBuildPhase;
			buildActionMask = 2147483647;
			files = (
				397535E3280390EC00060743 /* MessageViewModalTest.swift in Sources */,
				397535E5280391A500060743 /* ServerResponseTest.swift in Sources */,
				396232132803057B00B78A49 /* Ariadnext_technical_testTests.swift in Sources */,
			);
			runOnlyForDeploymentPostprocessing = 0;
		};
		396232142803057B00B78A49 /* Sources */ = {
			isa = PBXSourcesBuildPhase;
			buildActionMask = 2147483647;
			files = (
				3962321D2803057B00B78A49 /* Ariadnext_technical_testUITests.swift in Sources */,
				3962321F2803057B00B78A49 /* Ariadnext_technical_testUITestsLaunchTests.swift in Sources */,
			);
			runOnlyForDeploymentPostprocessing = 0;
		};
/* End PBXSourcesBuildPhase section */

/* Begin PBXTargetDependency section */
		396232102803057B00B78A49 /* PBXTargetDependency */ = {
			isa = PBXTargetDependency;
			target = 396231F72803057A00B78A49 /* Ariadnext-technical-test */;
			targetProxy = 3962320F2803057B00B78A49 /* PBXContainerItemProxy */;
		};
		3962321A2803057B00B78A49 /* PBXTargetDependency */ = {
			isa = PBXTargetDependency;
			target = 396231F72803057A00B78A49 /* Ariadnext-technical-test */;
			targetProxy = 396232192803057B00B78A49 /* PBXContainerItemProxy */;
		};
/* End PBXTargetDependency section */

/* Begin PBXVariantGroup section */
		396232012803057A00B78A49 /* Home.storyboard */ = {
			isa = PBXVariantGroup;
			children = (
				396232022803057A00B78A49 /* Base */,
			);
			name = Home.storyboard;
			sourceTree = "<group>";
		};
		396232062803057A00B78A49 /* LaunchScreen.storyboard */ = {
			isa = PBXVariantGroup;
			children = (
				396232072803057A00B78A49 /* Base */,
			);
			name = LaunchScreen.storyboard;
			sourceTree = "<group>";
		};
/* End PBXVariantGroup section */

/* Begin XCBuildConfiguration section */
		396232202803057B00B78A49 /* Debug */ = {
			isa = XCBuildConfiguration;
			buildSettings = {
				ALWAYS_SEARCH_USER_PATHS = NO;
				CLANG_ANALYZER_NONNULL = YES;
				CLANG_ANALYZER_NUMBER_OBJECT_CONVERSION = YES_AGGRESSIVE;
				CLANG_CXX_LANGUAGE_STANDARD = "gnu++17";
				CLANG_ENABLE_MODULES = YES;
				CLANG_ENABLE_OBJC_ARC = YES;
				CLANG_ENABLE_OBJC_WEAK = YES;
				CLANG_WARN_BLOCK_CAPTURE_AUTORELEASING = YES;
				CLANG_WARN_BOOL_CONVERSION = YES;
				CLANG_WARN_COMMA = YES;
				CLANG_WARN_CONSTANT_CONVERSION = YES;
				CLANG_WARN_DEPRECATED_OBJC_IMPLEMENTATIONS = YES;
				CLANG_WARN_DIRECT_OBJC_ISA_USAGE = YES_ERROR;
				CLANG_WARN_DOCUMENTATION_COMMENTS = YES;
				CLANG_WARN_EMPTY_BODY = YES;
				CLANG_WARN_ENUM_CONVERSION = YES;
				CLANG_WARN_INFINITE_RECURSION = YES;
				CLANG_WARN_INT_CONVERSION = YES;
				CLANG_WARN_NON_LITERAL_NULL_CONVERSION = YES;
				CLANG_WARN_OBJC_IMPLICIT_RETAIN_SELF = YES;
				CLANG_WARN_OBJC_LITERAL_CONVERSION = YES;
				CLANG_WARN_OBJC_ROOT_CLASS = YES_ERROR;
				CLANG_WARN_QUOTED_INCLUDE_IN_FRAMEWORK_HEADER = YES;
				CLANG_WARN_RANGE_LOOP_ANALYSIS = YES;
				CLANG_WARN_STRICT_PROTOTYPES = YES;
				CLANG_WARN_SUSPICIOUS_MOVE = YES;
				CLANG_WARN_UNGUARDED_AVAILABILITY = YES_AGGRESSIVE;
				CLANG_WARN_UNREACHABLE_CODE = YES;
				CLANG_WARN__DUPLICATE_METHOD_MATCH = YES;
				COPY_PHASE_STRIP = NO;
				DEBUG_INFORMATION_FORMAT = dwarf;
				ENABLE_STRICT_OBJC_MSGSEND = YES;
				ENABLE_TESTABILITY = YES;
				GCC_C_LANGUAGE_STANDARD = gnu11;
				GCC_DYNAMIC_NO_PIC = NO;
				GCC_NO_COMMON_BLOCKS = YES;
				GCC_OPTIMIZATION_LEVEL = 0;
				GCC_PREPROCESSOR_DEFINITIONS = (
					"DEBUG=1",
					"$(inherited)",
				);
				GCC_WARN_64_TO_32_BIT_CONVERSION = YES;
				GCC_WARN_ABOUT_RETURN_TYPE = YES_ERROR;
				GCC_WARN_UNDECLARED_SELECTOR = YES;
				GCC_WARN_UNINITIALIZED_AUTOS = YES_AGGRESSIVE;
				GCC_WARN_UNUSED_FUNCTION = YES;
				GCC_WARN_UNUSED_VARIABLE = YES;
				IPHONEOS_DEPLOYMENT_TARGET = 13.0;
				MTL_ENABLE_DEBUG_INFO = INCLUDE_SOURCE;
				MTL_FAST_MATH = YES;
				ONLY_ACTIVE_ARCH = YES;
				SDKROOT = iphoneos;
				SWIFT_ACTIVE_COMPILATION_CONDITIONS = DEBUG;
				SWIFT_OPTIMIZATION_LEVEL = "-Onone";
			};
			name = Debug;
		};
		396232212803057B00B78A49 /* Release */ = {
			isa = XCBuildConfiguration;
			buildSettings = {
				ALWAYS_SEARCH_USER_PATHS = NO;
				CLANG_ANALYZER_NONNULL = YES;
				CLANG_ANALYZER_NUMBER_OBJECT_CONVERSION = YES_AGGRESSIVE;
				CLANG_CXX_LANGUAGE_STANDARD = "gnu++17";
				CLANG_ENABLE_MODULES = YES;
				CLANG_ENABLE_OBJC_ARC = YES;
				CLANG_ENABLE_OBJC_WEAK = YES;
				CLANG_WARN_BLOCK_CAPTURE_AUTORELEASING = YES;
				CLANG_WARN_BOOL_CONVERSION = YES;
				CLANG_WARN_COMMA = YES;
				CLANG_WARN_CONSTANT_CONVERSION = YES;
				CLANG_WARN_DEPRECATED_OBJC_IMPLEMENTATIONS = YES;
				CLANG_WARN_DIRECT_OBJC_ISA_USAGE = YES_ERROR;
				CLANG_WARN_DOCUMENTATION_COMMENTS = YES;
				CLANG_WARN_EMPTY_BODY = YES;
				CLANG_WARN_ENUM_CONVERSION = YES;
				CLANG_WARN_INFINITE_RECURSION = YES;
				CLANG_WARN_INT_CONVERSION = YES;
				CLANG_WARN_NON_LITERAL_NULL_CONVERSION = YES;
				CLANG_WARN_OBJC_IMPLICIT_RETAIN_SELF = YES;
				CLANG_WARN_OBJC_LITERAL_CONVERSION = YES;
				CLANG_WARN_OBJC_ROOT_CLASS = YES_ERROR;
				CLANG_WARN_QUOTED_INCLUDE_IN_FRAMEWORK_HEADER = YES;
				CLANG_WARN_RANGE_LOOP_ANALYSIS = YES;
				CLANG_WARN_STRICT_PROTOTYPES = YES;
				CLANG_WARN_SUSPICIOUS_MOVE = YES;
				CLANG_WARN_UNGUARDED_AVAILABILITY = YES_AGGRESSIVE;
				CLANG_WARN_UNREACHABLE_CODE = YES;
				CLANG_WARN__DUPLICATE_METHOD_MATCH = YES;
				COPY_PHASE_STRIP = NO;
				DEBUG_INFORMATION_FORMAT = "dwarf-with-dsym";
				ENABLE_NS_ASSERTIONS = NO;
				ENABLE_STRICT_OBJC_MSGSEND = YES;
				GCC_C_LANGUAGE_STANDARD = gnu11;
				GCC_NO_COMMON_BLOCKS = YES;
				GCC_WARN_64_TO_32_BIT_CONVERSION = YES;
				GCC_WARN_ABOUT_RETURN_TYPE = YES_ERROR;
				GCC_WARN_UNDECLARED_SELECTOR = YES;
				GCC_WARN_UNINITIALIZED_AUTOS = YES_AGGRESSIVE;
				GCC_WARN_UNUSED_FUNCTION = YES;
				GCC_WARN_UNUSED_VARIABLE = YES;
				IPHONEOS_DEPLOYMENT_TARGET = 13.0;
				MTL_ENABLE_DEBUG_INFO = NO;
				MTL_FAST_MATH = YES;
				SDKROOT = iphoneos;
				SWIFT_COMPILATION_MODE = wholemodule;
				SWIFT_OPTIMIZATION_LEVEL = "-O";
				VALIDATE_PRODUCT = YES;
			};
			name = Release;
		};
		396232232803057B00B78A49 /* Debug */ = {
			isa = XCBuildConfiguration;
			buildSettings = {
				ASSETCATALOG_COMPILER_APPICON_NAME = AppIcon;
				ASSETCATALOG_COMPILER_GLOBAL_ACCENT_COLOR_NAME = AccentColor;
				CODE_SIGN_STYLE = Automatic;
				CURRENT_PROJECT_VERSION = 1;
				DEVELOPMENT_TEAM = Y57Y4G6D3V;
				GENERATE_INFOPLIST_FILE = YES;
				INFOPLIST_FILE = "Ariadnext-technical-test/Ressources/Info.plist";
				INFOPLIST_KEY_UIApplicationSupportsIndirectInputEvents = YES;
				INFOPLIST_KEY_UILaunchStoryboardName = LaunchScreen;
				INFOPLIST_KEY_UIMainStoryboardFile = Home;
				INFOPLIST_KEY_UISupportedInterfaceOrientations_iPad = "UIInterfaceOrientationPortrait UIInterfaceOrientationPortraitUpsideDown UIInterfaceOrientationLandscapeLeft UIInterfaceOrientationLandscapeRight";
				INFOPLIST_KEY_UISupportedInterfaceOrientations_iPhone = "UIInterfaceOrientationPortrait UIInterfaceOrientationLandscapeLeft UIInterfaceOrientationLandscapeRight";
				INFOPLIST_KEY_UIUserInterfaceStyle = Light;
				LD_RUNPATH_SEARCH_PATHS = (
					"$(inherited)",
					"@executable_path/Frameworks",
				);
				MARKETING_VERSION = 1.0;
				PRODUCT_BUNDLE_IDENTIFIER = "com.hamza.Ariadnext-technical-test";
				PRODUCT_NAME = "$(TARGET_NAME)";
				SWIFT_EMIT_LOC_STRINGS = YES;
				SWIFT_VERSION = 5.0;
				TARGETED_DEVICE_FAMILY = "1,2";
			};
			name = Debug;
		};
		396232242803057B00B78A49 /* Release */ = {
			isa = XCBuildConfiguration;
			buildSettings = {
				ASSETCATALOG_COMPILER_APPICON_NAME = AppIcon;
				ASSETCATALOG_COMPILER_GLOBAL_ACCENT_COLOR_NAME = AccentColor;
				CODE_SIGN_STYLE = Automatic;
				CURRENT_PROJECT_VERSION = 1;
				DEVELOPMENT_TEAM = Y57Y4G6D3V;
				GENERATE_INFOPLIST_FILE = YES;
				INFOPLIST_FILE = "Ariadnext-technical-test/Ressources/Info.plist";
				INFOPLIST_KEY_UIApplicationSupportsIndirectInputEvents = YES;
				INFOPLIST_KEY_UILaunchStoryboardName = LaunchScreen;
				INFOPLIST_KEY_UIMainStoryboardFile = Home;
				INFOPLIST_KEY_UISupportedInterfaceOrientations_iPad = "UIInterfaceOrientationPortrait UIInterfaceOrientationPortraitUpsideDown UIInterfaceOrientationLandscapeLeft UIInterfaceOrientationLandscapeRight";
				INFOPLIST_KEY_UISupportedInterfaceOrientations_iPhone = "UIInterfaceOrientationPortrait UIInterfaceOrientationLandscapeLeft UIInterfaceOrientationLandscapeRight";
				INFOPLIST_KEY_UIUserInterfaceStyle = Light;
				LD_RUNPATH_SEARCH_PATHS = (
					"$(inherited)",
					"@executable_path/Frameworks",
				);
				MARKETING_VERSION = 1.0;
				PRODUCT_BUNDLE_IDENTIFIER = "com.hamza.Ariadnext-technical-test";
				PRODUCT_NAME = "$(TARGET_NAME)";
				SWIFT_EMIT_LOC_STRINGS = YES;
				SWIFT_VERSION = 5.0;
				TARGETED_DEVICE_FAMILY = "1,2";
			};
			name = Release;
		};
		396232262803057B00B78A49 /* Debug */ = {
			isa = XCBuildConfiguration;
			buildSettings = {
				ALWAYS_EMBED_SWIFT_STANDARD_LIBRARIES = YES;
				BUNDLE_LOADER = "$(TEST_HOST)";
				CODE_SIGN_STYLE = Automatic;
				CURRENT_PROJECT_VERSION = 1;
				DEVELOPMENT_TEAM = Y57Y4G6D3V;
				GENERATE_INFOPLIST_FILE = YES;
				IPHONEOS_DEPLOYMENT_TARGET = 15.4;
				MARKETING_VERSION = 1.0;
				PRODUCT_BUNDLE_IDENTIFIER = "com.hamza.Ariadnext-technical-testTests";
				PRODUCT_NAME = "$(TARGET_NAME)";
				SWIFT_EMIT_LOC_STRINGS = NO;
				SWIFT_VERSION = 5.0;
				TARGETED_DEVICE_FAMILY = "1,2";
				TEST_HOST = "$(BUILT_PRODUCTS_DIR)/Ariadnext-technical-test.app/Ariadnext-technical-test";
			};
			name = Debug;
		};
		396232272803057B00B78A49 /* Release */ = {
			isa = XCBuildConfiguration;
			buildSettings = {
				ALWAYS_EMBED_SWIFT_STANDARD_LIBRARIES = YES;
				BUNDLE_LOADER = "$(TEST_HOST)";
				CODE_SIGN_STYLE = Automatic;
				CURRENT_PROJECT_VERSION = 1;
				DEVELOPMENT_TEAM = Y57Y4G6D3V;
				GENERATE_INFOPLIST_FILE = YES;
				IPHONEOS_DEPLOYMENT_TARGET = 15.4;
				MARKETING_VERSION = 1.0;
				PRODUCT_BUNDLE_IDENTIFIER = "com.hamza.Ariadnext-technical-testTests";
				PRODUCT_NAME = "$(TARGET_NAME)";
				SWIFT_EMIT_LOC_STRINGS = NO;
				SWIFT_VERSION = 5.0;
				TARGETED_DEVICE_FAMILY = "1,2";
				TEST_HOST = "$(BUILT_PRODUCTS_DIR)/Ariadnext-technical-test.app/Ariadnext-technical-test";
			};
			name = Release;
		};
		396232292803057B00B78A49 /* Debug */ = {
			isa = XCBuildConfiguration;
			buildSettings = {
				ALWAYS_EMBED_SWIFT_STANDARD_LIBRARIES = YES;
				CODE_SIGN_STYLE = Automatic;
				CURRENT_PROJECT_VERSION = 1;
				DEVELOPMENT_TEAM = Y57Y4G6D3V;
				GENERATE_INFOPLIST_FILE = YES;
				MARKETING_VERSION = 1.0;
				PRODUCT_BUNDLE_IDENTIFIER = "com.hamza.Ariadnext-technical-testUITests";
				PRODUCT_NAME = "$(TARGET_NAME)";
				SWIFT_EMIT_LOC_STRINGS = NO;
				SWIFT_VERSION = 5.0;
				TARGETED_DEVICE_FAMILY = "1,2";
				TEST_TARGET_NAME = "Ariadnext-technical-test";
			};
			name = Debug;
		};
		3962322A2803057B00B78A49 /* Release */ = {
			isa = XCBuildConfiguration;
			buildSettings = {
				ALWAYS_EMBED_SWIFT_STANDARD_LIBRARIES = YES;
				CODE_SIGN_STYLE = Automatic;
				CURRENT_PROJECT_VERSION = 1;
				DEVELOPMENT_TEAM = Y57Y4G6D3V;
				GENERATE_INFOPLIST_FILE = YES;
				MARKETING_VERSION = 1.0;
				PRODUCT_BUNDLE_IDENTIFIER = "com.hamza.Ariadnext-technical-testUITests";
				PRODUCT_NAME = "$(TARGET_NAME)";
				SWIFT_EMIT_LOC_STRINGS = NO;
				SWIFT_VERSION = 5.0;
				TARGETED_DEVICE_FAMILY = "1,2";
				TEST_TARGET_NAME = "Ariadnext-technical-test";
			};
			name = Release;
		};
/* End XCBuildConfiguration section */

/* Begin XCConfigurationList section */
		396231F32803057A00B78A49 /* Build configuration list for PBXProject "Ariadnext-technical-test" */ = {
			isa = XCConfigurationList;
			buildConfigurations = (
				396232202803057B00B78A49 /* Debug */,
				396232212803057B00B78A49 /* Release */,
			);
			defaultConfigurationIsVisible = 0;
			defaultConfigurationName = Release;
		};
		396232222803057B00B78A49 /* Build configuration list for PBXNativeTarget "Ariadnext-technical-test" */ = {
			isa = XCConfigurationList;
			buildConfigurations = (
				396232232803057B00B78A49 /* Debug */,
				396232242803057B00B78A49 /* Release */,
			);
			defaultConfigurationIsVisible = 0;
			defaultConfigurationName = Release;
		};
		396232252803057B00B78A49 /* Build configuration list for PBXNativeTarget "Ariadnext-technical-testTests" */ = {
			isa = XCConfigurationList;
			buildConfigurations = (
				396232262803057B00B78A49 /* Debug */,
				396232272803057B00B78A49 /* Release */,
			);
			defaultConfigurationIsVisible = 0;
			defaultConfigurationName = Release;
		};
		396232282803057B00B78A49 /* Build configuration list for PBXNativeTarget "Ariadnext-technical-testUITests" */ = {
			isa = XCConfigurationList;
			buildConfigurations = (
				396232292803057B00B78A49 /* Debug */,
				3962322A2803057B00B78A49 /* Release */,
			);
			defaultConfigurationIsVisible = 0;
			defaultConfigurationName = Release;
		};
/* End XCConfigurationList section */
	};
	rootObject = 396231F02803057A00B78A49 /* Project object */;
}
